Microsoft Visual Studio Solution File, Format Version 11.00
# Visual Studio 2008

Project("{A71607A6-D125-BE4D-54CB-70627C4DA738}") = "Dinosaur-Game", "Assembly-CSharp.csproj", "{37D89812-05AD-FEB1-4171-0388EC3E39F2}"
EndProject
Global
	GlobalSection(SolutionConfigurationPlatforms) = preSolution
		Debug|Any CPU = Debug|Any CPU
		Release|Any CPU = Release|Any CPU
	EndGlobalSection
	GlobalSection(ProjectConfigurationPlatforms) = postSolution
		{37D89812-05AD-FEB1-4171-0388EC3E39F2}.Debug|Any CPU.ActiveCfg = Debug|Any CPU
		{37D89812-05AD-FEB1-4171-0388EC3E39F2}.Debug|Any CPU.Build.0 = Debug|Any CPU
		{37D89812-05AD-FEB1-4171-0388EC3E39F2}.Release|Any CPU.ActiveCfg = Release|Any CPU
		{37D89812-05AD-FEB1-4171-0388EC3E39F2}.Release|Any CPU.Build.0 = Release|Any CPU
	EndGlobalSection
	GlobalSection(SolutionProperties) = preSolution
		HideSolutionNode = FALSE
	EndGlobalSection
	GlobalSection(MonoDevelopProperties) = preSolution
		StartupItem = Assembly-CSharp.csproj
	EndGlobalSection
EndGlobal
